
Microsoft Visual Studio Solution File, Format Version 12.00
# Visual Studio 15
VisualStudioVersion = 15.0.28010.2016
MinimumVisualStudioVersion = 10.0.40219.1
Project("{FAE04EC0-301F-11D3-BF4B-00C04F79EFBC}") = "BotanitApp.Android", "BotanitApp\BotanitApp.Android\BotanitApp.Android.csproj", "{1CAC21B5-D1D8-4AAC-9443-CF365452E39D}"
EndProject
Project("{FAE04EC0-301F-11D3-BF4B-00C04F79EFBC}") = "BotanitApp.iOS", "BotanitApp\BotanitApp.iOS\BotanitApp.iOS.csproj", "{D606EBB2-CC09-4717-A4AF-462F4E08B927}"
EndProject
Project("{FAE04EC0-301F-11D3-BF4B-00C04F79EFBC}") = "BotanitApp", "BotanitApp\BotanitApp\BotanitApp.csproj", "{F8D9041F-5D4D-45BB-9176-7CB5FF5E71EB}"
EndProject
Global
	GlobalSection(SolutionConfigurationPlatforms) = preSolution
		Ad-Hoc|Any CPU = Ad-Hoc|Any CPU
		Ad-Hoc|iPhone = Ad-Hoc|iPhone
		Ad-Hoc|iPhoneSimulator = Ad-Hoc|iPhoneSimulator
		AppStore|Any CPU = AppStore|Any CPU
		AppStore|iPhone = AppStore|iPhone
		AppStore|iPhoneSimulator = AppStore|iPhoneSimulator
		Debug|Any CPU = Debug|Any CPU
		Debug|iPhone = Debug|iPhone
		Debug|iPhoneSimulator = Debug|iPhoneSimulator
		Release|Any CPU = Release|Any CPU
		Release|iPhone = Release|iPhone
		Release|iPhoneSimulator = Release|iPhoneSimulator
	EndGlobalSection
	GlobalSection(ProjectConfigurationPlatforms) = postSolution
		{1CAC21B5-D1D8-4AAC-9443-CF365452E39D}.Ad-Hoc|Any CPU.ActiveCfg = Release|Any CPU
		{1CAC21B5-D1D8-4AAC-9443-CF365452E39D}.Ad-Hoc|Any CPU.Build.0 = Release|Any CPU
		{1CAC21B5-D1D8-4AAC-9443-CF365452E39D}.Ad-Hoc|Any CPU.Deploy.0 = Release|Any CPU
		{1CAC21B5-D1D8-4AAC-9443-CF365452E39D}.Ad-Hoc|iPhone.ActiveCfg = Release|Any CPU
		{1CAC21B5-D1D8-4AAC-9443-CF365452E39D}.Ad-Hoc|iPhone.Build.0 = Release|Any CPU
		{1CAC21B5-D1D8-4AAC-9443-CF365452E39D}.Ad-Hoc|iPhone.Deploy.0 = Release|Any CPU
		{1CAC21B5-D1D8-4AAC-9443-CF365452E39D}.Ad-Hoc|iPhoneSimulator.ActiveCfg = Release|Any CPU
		{1CAC21B5-D1D8-4AAC-9443-CF365452E39D}.Ad-Hoc|iPhoneSimulator.Build.0 = Release|Any CPU
		{1CAC21B5-D1D8-4AAC-9443-CF365452E39D}.Ad-Hoc|iPhoneSimulator.Deploy.0 = Release|Any CPU
		{1CAC21B5-D1D8-4AAC-9443-CF365452E39D}.AppStore|Any CPU.ActiveCfg = Release|Any CPU
		{1CAC21B5-D1D8-4AAC-9443-CF365452E39D}.AppStore|Any CPU.Build.0 = Release|Any CPU
		{1CAC21B5-D1D8-4AAC-9443-CF365452E39D}.AppStore|Any CPU.Deploy.0 = Release|Any CPU
		{1CAC21B5-D1D8-4AAC-9443-CF365452E39D}.AppStore|iPhone.ActiveCfg = Release|Any CPU
		{1CAC21B5-D1D8-4AAC-9443-CF365452E39D}.AppStore|iPhone.Build.0 = Release|Any CPU
		{1CAC21B5-D1D8-4AAC-9443-CF365452E39D}.AppStore|iPhone.Deploy.0 = Release|Any CPU
		{1CAC21B5-D1D8-4AAC-9443-CF365452E39D}.AppStore|iPhoneSimulator.ActiveCfg = Release|Any CPU
		{1CAC21B5-D1D8-4AAC-9443-CF365452E39D}.AppStore|iPhoneSimulator.Build.0 = Release|Any CPU
		{1CAC21B5-D1D8-4AAC-9443-CF365452E39D}.AppStore|iPhoneSimulator.Deploy.0 = Release|Any CPU
		{1CAC21B5-D1D8-4AAC-9443-CF365452E39D}.Debug|Any CPU.ActiveCfg = Debug|Any CPU
		{1CAC21B5-D1D8-4AAC-9443-CF365452E39D}.Debug|Any CPU.Build.0 = Debug|Any CPU
		{1CAC21B5-D1D8-4AAC-9443-CF365452E39D}.Debug|Any CPU.Deploy.0 = Debug|Any CPU
		{1CAC21B5-D1D8-4AAC-9443-CF365452E39D}.Debug|iPhone.ActiveCfg = Debug|Any CPU
		{1CAC21B5-D1D8-4AAC-9443-CF365452E39D}.Debug|iPhone.Build.0 = Debug|Any CPU
		{1CAC21B5-D1D8-4AAC-9443-CF365452E39D}.Debug|iPhone.Deploy.0 = Debug|Any CPU
		{1CAC21B5-D1D8-4AAC-9443-CF365452E39D}.Debug|iPhoneSimulator.ActiveCfg = Debug|Any CPU
		{1CAC21B5-D1D8-4AAC-9443-CF365452E39D}.Debug|iPhoneSimulator.Build.0 = Debug|Any CPU
		{1CAC21B5-D1D8-4AAC-9443-CF365452E39D}.Debug|iPhoneSimulator.Deploy.0 = Debug|Any CPU
		{1CAC21B5-D1D8-4AAC-9443-CF365452E39D}.Release|Any CPU.ActiveCfg = Release|Any CPU
		{1CAC21B5-D1D8-4AAC-9443-CF365452E39D}.Release|Any CPU.Build.0 = Release|Any CPU
		{1CAC21B5-D1D8-4AAC-9443-CF365452E39D}.Release|Any CPU.Deploy.0 = Release|Any CPU
		{1CAC21B5-D1D8-4AAC-9443-CF365452E39D}.Release|iPhone.ActiveCfg = Release|Any CPU
		{1CAC21B5-D1D8-4AAC-9443-CF365452E39D}.Release|iPhone.Build.0 = Release|Any CPU
		{1CAC21B5-D1D8-4AAC-9443-CF365452E39D}.Release|iPhone.Deploy.0 = Release|Any CPU
		{1CAC21B5-D1D8-4AAC-9443-CF365452E39D}.Release|iPhoneSimulator.ActiveCfg = Release|Any CPU
		{1CAC21B5-D1D8-4AAC-9443-CF365452E39D}.Release|iPhoneSimulator.Build.0 = Release|Any CPU
		{1CAC21B5-D1D8-4AAC-9443-CF365452E39D}.Release|iPhoneSimulator.Deploy.0 = Release|Any CPU
		{D606EBB2-CC09-4717-A4AF-462F4E08B927}.Ad-Hoc|Any CPU.ActiveCfg = Ad-Hoc|iPhone
		{D606EBB2-CC09-4717-A4AF-462F4E08B927}.Ad-Hoc|Any CPU.Build.0 = Ad-Hoc|iPhone
		{D606EBB2-CC09-4717-A4AF-462F4E08B927}.Ad-Hoc|Any CPU.Deploy.0 = Ad-Hoc|iPhone
		{D606EBB2-CC09-4717-A4AF-462F4E08B927}.Ad-Hoc|iPhone.ActiveCfg = Ad-Hoc|iPhone
		{D606EBB2-CC09-4717-A4AF-462F4E08B927}.Ad-Hoc|iPhone.Build.0 = Ad-Hoc|iPhone
		{D606EBB2-CC09-4717-A4AF-462F4E08B927}.Ad-Hoc|iPhone.Deploy.0 = Ad-Hoc|iPhone
		{D606EBB2-CC09-4717-A4AF-462F4E08B927}.Ad-Hoc|iPhoneSimulator.ActiveCfg = Ad-Hoc|iPhoneSimulator
		{D606EBB2-CC09-4717-A4AF-462F4E08B927}.Ad-Hoc|iPhoneSimulator.Build.0 = Ad-Hoc|iPhoneSimulator
		{D606EBB2-CC09-4717-A4AF-462F4E08B927}.Ad-Hoc|iPhoneSimulator.Deploy.0 = Ad-Hoc|iPhoneSimulator
		{D606EBB2-CC09-4717-A4AF-462F4E08B927}.AppStore|Any CPU.ActiveCfg = AppStore|iPhone
		{D606EBB2-CC09-4717-A4AF-462F4E08B927}.AppStore|Any CPU.Build.0 = AppStore|iPhone
		{D606EBB2-CC09-4717-A4AF-462F4E08B927}.AppStore|Any CPU.Deploy.0 = AppStore|iPhone
		{D606EBB2-CC09-4717-A4AF-462F4E08B927}.AppStore|iPhone.ActiveCfg = AppStore|iPhone
		{D606EBB2-CC09-4717-A4AF-462F4E08B927}.AppStore|iPhone.Build.0 = AppStore|iPhone
		{D606EBB2-CC09-4717-A4AF-462F4E08B927}.AppStore|iPhone.Deploy.0 = AppStore|iPhone
		{D606EBB2-CC09-4717-A4AF-462F4E08B927}.AppStore|iPhoneSimulator.ActiveCfg = AppStore|iPhoneSimulator
		{D606EBB2-CC09-4717-A4AF-462F4E08B927}.AppStore|iPhoneSimulator.Build.0 = AppStore|iPhoneSimulator
		{D606EBB2-CC09-4717-A4AF-462F4E08B927}.AppStore|iPhoneSimulator.Deploy.0 = AppStore|iPhoneSimulator
		{D606EBB2-CC09-4717-A4AF-462F4E08B927}.Debug|Any CPU.ActiveCfg = Debug|iPhoneSimulator
		{D606EBB2-CC09-4717-A4AF-462F4E08B927}.Debug|Any CPU.Build.0 = Debug|iPhoneSimulator
		{D606EBB2-CC09-4717-A4AF-462F4E08B927}.Debug|Any CPU.Deploy.0 = Debug|iPhoneSimulator
		{D606EBB2-CC09-4717-A4AF-462F4E08B927}.Debug|iPhone.ActiveCfg = Debug|iPhone
		{D606EBB2-CC09-4717-A4AF-462F4E08B927}.Debug|iPhone.Build.0 = Debug|iPhone
		{D606EBB2-CC09-4717-A4AF-462F4E08B927}.Debug|iPhone.Deploy.0 = Debug|iPhone
		{D606EBB2-CC09-4717-A4AF-462F4E08B927}.Debug|iPhoneSimulator.ActiveCfg = Debug|iPhoneSimulator
		{D606EBB2-CC09-4717-A4AF-462F4E08B927}.Debug|iPhoneSimulator.Build.0 = Debug|iPhoneSimulator
		{D606EBB2-CC09-4717-A4AF-462F4E08B927}.Debug|iPhoneSimulator.Deploy.0 = Debug|iPhoneSimulator
		{D606EBB2-CC09-4717-A4AF-462F4E08B927}.Release|Any CPU.ActiveCfg = Release|iPhone
		{D606EBB2-CC09-4717-A4AF-462F4E08B927}.Release|Any CPU.Build.0 = Release|iPhone
		{D606EBB2-CC09-4717-A4AF-462F4E08B927}.Release|Any CPU.Deploy.0 = Release|iPhone
		{D606EBB2-CC09-4717-A4AF-462F4E08B927}.Release|iPhone.ActiveCfg = Release|iPhone
		{D606EBB2-CC09-4717-A4AF-462F4E08B927}.Release|iPhone.Build.0 = Release|iPhone
		{D606EBB2-CC09-4717-A4AF-462F4E08B927}.Release|iPhone.Deploy.0 = Release|iPhone
		{D606EBB2-CC09-4717-A4AF-462F4E08B927}.Release|iPhoneSimulator.ActiveCfg = Release|iPhoneSimulator
		{D606EBB2-CC09-4717-A4AF-462F4E08B927}.Release|iPhoneSimulator.Build.0 = Release|iPhoneSimulator
		{D606EBB2-CC09-4717-A4AF-462F4E08B927}.Release|iPhoneSimulator.Deploy.0 = Release|iPhoneSimulator
		{F8D9041F-5D4D-45BB-9176-7CB5FF5E71EB}.Ad-Hoc|Any CPU.ActiveCfg = Debug|Any CPU
		{F8D9041F-5D4D-45BB-9176-7CB5FF5E71EB}.Ad-Hoc|Any CPU.Build.0 = Debug|Any CPU
		{F8D9041F-5D4D-45BB-9176-7CB5FF5E71EB}.Ad-Hoc|Any CPU.Deploy.0 = Debug|Any CPU
		{F8D9041F-5D4D-45BB-9176-7CB5FF5E71EB}.Ad-Hoc|iPhone.ActiveCfg = Debug|Any CPU
		{F8D9041F-5D4D-45BB-9176-7CB5FF5E71EB}.Ad-Hoc|iPhone.Build.0 = Debug|Any CPU
		{F8D9041F-5D4D-45BB-9176-7CB5FF5E71EB}.Ad-Hoc|iPhone.Deploy.0 = Debug|Any CPU
		{F8D9041F-5D4D-45BB-9176-7CB5FF5E71EB}.Ad-Hoc|iPhoneSimulator.ActiveCfg = Debug|Any CPU
		{F8D9041F-5D4D-45BB-9176-7CB5FF5E71EB}.Ad-Hoc|iPhoneSimulator.Build.0 = Debug|Any CPU
		{F8D9041F-5D4D-45BB-9176-7CB5FF5E71EB}.Ad-Hoc|iPhoneSimulator.Deploy.0 = Debug|Any CPU
		{F8D9041F-5D4D-45BB-9176-7CB5FF5E71EB}.AppStore|Any CPU.ActiveCfg = Debug|Any CPU
		{F8D9041F-5D4D-45BB-9176-7CB5FF5E71EB}.AppStore|Any CPU.Build.0 = Debug|Any CPU
		{F8D9041F-5D4D-45BB-9176-7CB5FF5E71EB}.AppStore|Any CPU.Deploy.0 = Debug|Any CPU
		{F8D9041F-5D4D-45BB-9176-7CB5FF5E71EB}.AppStore|iPhone.ActiveCfg = Debug|Any CPU
		{F8D9041F-5D4D-45BB-9176-7CB5FF5E71EB}.AppStore|iPhone.Build.0 = Debug|Any CPU
		{F8D9041F-5D4D-45BB-9176-7CB5FF5E71EB}.AppStore|iPhone.Deploy.0 = Debug|Any CPU
		{F8D9041F-5D4D-45BB-9176-7CB5FF5E71EB}.AppStore|iPhoneSimulator.ActiveCfg = Debug|Any CPU
		{F8D9041F-5D4D-45BB-9176-7CB5FF5E71EB}.AppStore|iPhoneSimulator.Build.0 = Debug|Any CPU
		{F8D9041F-5D4D-45BB-9176-7CB5FF5E71EB}.AppStore|iPhoneSimulator.Deploy.0 = Debug|Any CPU
		{F8D9041F-5D4D-45BB-9176-7CB5FF5E71EB}.Debug|Any CPU.ActiveCfg = Debug|Any CPU
		{F8D9041F-5D4D-45BB-9176-7CB5FF5E71EB}.Debug|Any CPU.Build.0 = Debug|Any CPU
		{F8D9041F-5D4D-45BB-9176-7CB5FF5E71EB}.Debug|Any CPU.Deploy.0 = Debug|Any CPU
		{F8D9041F-5D4D-45BB-9176-7CB5FF5E71EB}.Debug|iPhone.ActiveCfg = Debug|Any CPU
		{F8D9041F-5D4D-45BB-9176-7CB5FF5E71EB}.Debug|iPhone.Build.0 = Debug|Any CPU
		{F8D9041F-5D4D-45BB-9176-7CB5FF5E71EB}.Debug|iPhone.Deploy.0 = Debug|Any CPU
		{F8D9041F-5D4D-45BB-9176-7CB5FF5E71EB}.Debug|iPhoneSimulator.ActiveCfg = Debug|Any CPU
		{F8D9041F-5D4D-45BB-9176-7CB5FF5E71EB}.Debug|iPhoneSimulator.Build.0 = Debug|Any CPU
		{F8D9041F-5D4D-45BB-9176-7CB5FF5E71EB}.Debug|iPhoneSimulator.Deploy.0 = Debug|Any CPU
		{F8D9041F-5D4D-45BB-9176-7CB5FF5E71EB}.Release|Any CPU.ActiveCfg = Release|Any CPU
		{F8D9041F-5D4D-45BB-9176-7CB5FF5E71EB}.Release|Any CPU.Build.0 = Release|Any CPU
		{F8D9041F-5D4D-45BB-9176-7CB5FF5E71EB}.Release|Any CPU.Deploy.0 = Release|Any CPU
		{F8D9041F-5D4D-45BB-9176-7CB5FF5E71EB}.Release|iPhone.ActiveCfg = Release|Any CPU
		{F8D9041F-5D4D-45BB-9176-7CB5FF5E71EB}.Release|iPhone.Build.0 = Release|Any CPU
		{F8D9041F-5D4D-45BB-9176-7CB5FF5E71EB}.Release|iPhone.Deploy.0 = Release|Any CPU
		{F8D9041F-5D4D-45BB-9176-7CB5FF5E71EB}.Release|iPhoneSimulator.ActiveCfg = Release|Any CPU
		{F8D9041F-5D4D-45BB-9176-7CB5FF5E71EB}.Release|iPhoneSimulator.Build.0 = Release|Any CPU
		{F8D9041F-5D4D-45BB-9176-7CB5FF5E71EB}.Release|iPhoneSimulator.Deploy.0 = Release|Any CPU
	EndGlobalSection
	GlobalSection(SolutionProperties) = preSolution
		HideSolutionNode = FALSE
	EndGlobalSection
	GlobalSection(ExtensibilityGlobals) = postSolution
		SolutionGuid = {858C3383-691E-46A1-AE3E-D5C2F364D8B6}
	EndGlobalSection
EndGlobal
